
Microsoft Visual Studio Solution File, Format Version 12.00
# Visual Studio 15
VisualStudioVersion = 15.0.27428.2043
MinimumVisualStudioVersion = 10.0.40219.1
Project("{FAE04EC0-301F-11D3-BF4B-00C04F79EFBC}") = "TP", "TP\TP.csproj", "{D532EAF0-62A7-405F-896F-3ACC5897AB60}"
EndProject
Global
	GlobalSection(SolutionConfigurationPlatforms) = preSolution
		Debug|Any CPU = Debug|Any CPU
		Release|Any CPU = Release|Any CPU
	EndGlobalSection
	GlobalSection(ProjectConfigurationPlatforms) = postSolution
		{D532EAF0-62A7-405F-896F-3ACC5897AB60}.Debug|Any CPU.ActiveCfg = Debug|Any CPU
		{D532EAF0-62A7-405F-896F-3ACC5897AB60}.Debug|Any CPU.Build.0 = Debug|Any CPU
		{D532EAF0-62A7-405F-896F-3ACC5897AB60}.Release|Any CPU.ActiveCfg = Release|Any CPU
		{D532EAF0-62A7-405F-896F-3ACC5897AB60}.Release|Any CPU.Build.0 = Release|Any CPU
	EndGlobalSection
	GlobalSection(SolutionProperties) = preSolution
		HideSolutionNode = FALSE
	EndGlobalSection
	GlobalSection(ExtensibilityGlobals) = postSolution
		SolutionGuid = {638ECF71-D524-41D9-9D5C-28A7D286CCD0}
	EndGlobalSection
EndGlobal
